
Microsoft Visual Studio Solution File, Format Version 12.00
# Visual Studio Version 17
VisualStudioVersion = 17.8.34408.163
MinimumVisualStudioVersion = 10.0.40219.1
Project("{9A19103F-16F7-4668-BE54-9A1E7A4F7556}") = "AntiCrash", "AntiCrash.csproj", "{A0701FA0-E840-4796-9C80-94FDBFEFB52C}"
EndProject
Global
	GlobalSection(SolutionConfigurationPlatforms) = preSolution
		Debug|Any CPU = Debug|Any CPU
		Release|Any CPU = Release|Any CPU
	EndGlobalSection
	GlobalSection(ProjectConfigurationPlatforms) = postSolution
		{A0701FA0-E840-4796-9C80-94FDBFEFB52C}.Debug|Any CPU.ActiveCfg = Debug|Any CPU
		{A0701FA0-E840-4796-9C80-94FDBFEFB52C}.Debug|Any CPU.Build.0 = Debug|Any CPU
		{A0701FA0-E840-4796-9C80-94FDBFEFB52C}.Release|Any CPU.ActiveCfg = Release|Any CPU
		{A0701FA0-E840-4796-9C80-94FDBFEFB52C}.Release|Any CPU.Build.0 = Release|Any CPU
	EndGlobalSection
	GlobalSection(SolutionProperties) = preSolution
		HideSolutionNode = FALSE
	EndGlobalSection
	GlobalSection(ExtensibilityGlobals) = postSolution
		SolutionGuid = {396C3585-9320-47EE-AB7C-5B18F293EA80}
	EndGlobalSection
EndGlobal
